
Microsoft Visual Studio Solution File, Format Version 12.00
# Visual Studio Version 17
VisualStudioVersion = 17.3.32929.385
MinimumVisualStudioVersion = 10.0.40219.1
Project("{9A19103F-16F7-4668-BE54-9A1E7A4F7556}") = "HDMSI-BotController", "HDMSI-BotController\HDMSI-BotController.csproj", "{2A41D2F5-8B0F-4B8D-8152-D67A10FA8728}"
EndProject
Project("{9A19103F-16F7-4668-BE54-9A1E7A4F7556}") = "HDMSI-BotServer", "HDMSI-BotServer\HDMSI-BotServer.csproj", "{6498E451-F0C5-476A-862C-4B8E08295B64}"
EndProject
Global
	GlobalSection(SolutionConfigurationPlatforms) = preSolution
		Debug|Any CPU = Debug|Any CPU
		Release|Any CPU = Release|Any CPU
	EndGlobalSection
	GlobalSection(ProjectConfigurationPlatforms) = postSolution
		{2A41D2F5-8B0F-4B8D-8152-D67A10FA8728}.Debug|Any CPU.ActiveCfg = Debug|Any CPU
		{2A41D2F5-8B0F-4B8D-8152-D67A10FA8728}.Debug|Any CPU.Build.0 = Debug|Any CPU
		{2A41D2F5-8B0F-4B8D-8152-D67A10FA8728}.Release|Any CPU.ActiveCfg = Release|Any CPU
		{2A41D2F5-8B0F-4B8D-8152-D67A10FA8728}.Release|Any CPU.Build.0 = Release|Any CPU
		{6498E451-F0C5-476A-862C-4B8E08295B64}.Debug|Any CPU.ActiveCfg = Debug|Any CPU
		{6498E451-F0C5-476A-862C-4B8E08295B64}.Debug|Any CPU.Build.0 = Debug|Any CPU
		{6498E451-F0C5-476A-862C-4B8E08295B64}.Release|Any CPU.ActiveCfg = Release|Any CPU
		{6498E451-F0C5-476A-862C-4B8E08295B64}.Release|Any CPU.Build.0 = Release|Any CPU
	EndGlobalSection
	GlobalSection(SolutionProperties) = preSolution
		HideSolutionNode = FALSE
	EndGlobalSection
	GlobalSection(ExtensibilityGlobals) = postSolution
		SolutionGuid = {4CCF0335-B319-44A3-B7ED-E72F9129950B}
	EndGlobalSection
EndGlobal
